
Microsoft Visual Studio Solution File, Format Version 12.00
# Visual Studio Version 16
VisualStudioVersion = 16.0.30320.27
MinimumVisualStudioVersion = 10.0.40219.1
Project("{8BC9CEB8-8B4A-11D0-8D11-00A0C91BC942}") = "Sandbox", "Sandbox\Sandbox.vcxproj", "{FBBBE6F2-0CDA-4AA6-8BCA-79F2BDBAE299}"
EndProject
Project("{8BC9CEB8-8B4A-11D0-8D11-00A0C91BC942}") = "Hazel", "Hazel\Hazel.vcxproj", "{AE2400A9-35F6-4F86-9808-EC2E1D4C9882}"
EndProject
Global
	GlobalSection(SolutionConfigurationPlatforms) = preSolution
		Debug|x64 = Debug|x64
		Release|x64 = Release|x64
	EndGlobalSection
	GlobalSection(ProjectConfigurationPlatforms) = postSolution
		{AE2400A9-35F6-4F86-9808-EC2E1D4C9882}.Debug|x64.ActiveCfg = Debug|x64
		{AE2400A9-35F6-4F86-9808-EC2E1D4C9882}.Debug|x64.Build.0 = Debug|x64
		{AE2400A9-35F6-4F86-9808-EC2E1D4C9882}.Release|x64.ActiveCfg = Release|x64
		{AE2400A9-35F6-4F86-9808-EC2E1D4C9882}.Release|x64.Build.0 = Release|x64
		{FBBBE6F2-0CDA-4AA6-8BCA-79F2BDBAE299}.Debug|x64.ActiveCfg = Debug|x64
		{FBBBE6F2-0CDA-4AA6-8BCA-79F2BDBAE299}.Debug|x64.Build.0 = Debug|x64
		{FBBBE6F2-0CDA-4AA6-8BCA-79F2BDBAE299}.Release|x64.ActiveCfg = Release|x64
		{FBBBE6F2-0CDA-4AA6-8BCA-79F2BDBAE299}.Release|x64.Build.0 = Release|x64
	EndGlobalSection
	GlobalSection(SolutionProperties) = preSolution
		HideSolutionNode = FALSE
	EndGlobalSection
	GlobalSection(ExtensibilityGlobals) = postSolution
		SolutionGuid = {7C88CCD0-F64A-485C-8F19-DAB94CE84A4F}
	EndGlobalSection
EndGlobal
